
Microsoft Visual Studio Solution File, Format Version 12.00
# Visual Studio Version 17
VisualStudioVersion = 17.14.36603.0
MinimumVisualStudioVersion = 10.0.40219.1
Project("{FAE04EC0-301F-11D3-BF4B-00C04F79EFBC}") = "LaptopBMT", "LaptopBMT\LaptopBMT.csproj", "{59AF9A86-5278-4E79-9BF3-785038892DBB}"
EndProject
Global
	GlobalSection(SolutionConfigurationPlatforms) = preSolution
		Debug|Any CPU = Debug|Any CPU
		Release|Any CPU = Release|Any CPU
	EndGlobalSection
	GlobalSection(ProjectConfigurationPlatforms) = postSolution
		{59AF9A86-5278-4E79-9BF3-785038892DBB}.Debug|Any CPU.ActiveCfg = Debug|Any CPU
		{59AF9A86-5278-4E79-9BF3-785038892DBB}.Debug|Any CPU.Build.0 = Debug|Any CPU
		{59AF9A86-5278-4E79-9BF3-785038892DBB}.Release|Any CPU.ActiveCfg = Release|Any CPU
		{59AF9A86-5278-4E79-9BF3-785038892DBB}.Release|Any CPU.Build.0 = Release|Any CPU
	EndGlobalSection
	GlobalSection(SolutionProperties) = preSolution
		HideSolutionNode = FALSE
	EndGlobalSection
	GlobalSection(ExtensibilityGlobals) = postSolution
		SolutionGuid = {2D2B5596-570F-4AB4-8877-C43679FCC711}
	EndGlobalSection
EndGlobal
